
Microsoft Visual Studio Solution File, Format Version 12.00
# Visual Studio Version 17
VisualStudioVersion = 17.4.33122.133
MinimumVisualStudioVersion = 10.0.40219.1
Project("{8BC9CEB8-8B4A-11D0-8D11-00A0C91BC942}") = "library-manage", "library-manage\library-manage.vcxproj", "{802289FE-FEB3-46DE-A7A3-9336D7A52FE9}"
EndProject
Global
	GlobalSection(SolutionConfigurationPlatforms) = preSolution
		Debug|x64 = Debug|x64
		Debug|x86 = Debug|x86
		Release|x64 = Release|x64
		Release|x86 = Release|x86
	EndGlobalSection
	GlobalSection(ProjectConfigurationPlatforms) = postSolution
		{802289FE-FEB3-46DE-A7A3-9336D7A52FE9}.Debug|x64.ActiveCfg = Debug|x64
		{802289FE-FEB3-46DE-A7A3-9336D7A52FE9}.Debug|x64.Build.0 = Debug|x64
		{802289FE-FEB3-46DE-A7A3-9336D7A52FE9}.Debug|x86.ActiveCfg = Debug|Win32
		{802289FE-FEB3-46DE-A7A3-9336D7A52FE9}.Debug|x86.Build.0 = Debug|Win32
		{802289FE-FEB3-46DE-A7A3-9336D7A52FE9}.Release|x64.ActiveCfg = Release|x64
		{802289FE-FEB3-46DE-A7A3-9336D7A52FE9}.Release|x64.Build.0 = Release|x64
		{802289FE-FEB3-46DE-A7A3-9336D7A52FE9}.Release|x86.ActiveCfg = Release|Win32
		{802289FE-FEB3-46DE-A7A3-9336D7A52FE9}.Release|x86.Build.0 = Release|Win32
	EndGlobalSection
	GlobalSection(SolutionProperties) = preSolution
		HideSolutionNode = FALSE
	EndGlobalSection
	GlobalSection(ExtensibilityGlobals) = postSolution
		SolutionGuid = {625927F4-23BC-49AA-8A62-6CBC2838BFD2}
	EndGlobalSection
EndGlobal
